
Microsoft Visual Studio Solution File, Format Version 12.00
# Visual Studio Version 16
VisualStudioVersion = 16.0.31112.23
MinimumVisualStudioVersion = 10.0.40219.1
Project("{FAE04EC0-301F-11D3-BF4B-00C04F79EFBC}") = "Ejercicio_33", "Ejercicio_33\Ejercicio_33.csproj", "{65DD96DC-E451-40D6-9085-CF81467A19AD}"
EndProject
Global
	GlobalSection(SolutionConfigurationPlatforms) = preSolution
		Debug|Any CPU = Debug|Any CPU
		Release|Any CPU = Release|Any CPU
	EndGlobalSection
	GlobalSection(ProjectConfigurationPlatforms) = postSolution
		{65DD96DC-E451-40D6-9085-CF81467A19AD}.Debug|Any CPU.ActiveCfg = Debug|Any CPU
		{65DD96DC-E451-40D6-9085-CF81467A19AD}.Debug|Any CPU.Build.0 = Debug|Any CPU
		{65DD96DC-E451-40D6-9085-CF81467A19AD}.Release|Any CPU.ActiveCfg = Release|Any CPU
		{65DD96DC-E451-40D6-9085-CF81467A19AD}.Release|Any CPU.Build.0 = Release|Any CPU
	EndGlobalSection
	GlobalSection(SolutionProperties) = preSolution
		HideSolutionNode = FALSE
	EndGlobalSection
	GlobalSection(ExtensibilityGlobals) = postSolution
		SolutionGuid = {4EB063DF-6A5F-4472-A140-2CB3D3881541}
	EndGlobalSection
EndGlobal
