
Microsoft Visual Studio Solution File, Format Version 12.00
# Visual Studio Version 16
VisualStudioVersion = 16.0.31112.23
MinimumVisualStudioVersion = 10.0.40219.1
Project("{FAE04EC0-301F-11D3-BF4B-00C04F79EFBC}") = "Ejercicio_15", "Ejercicio_15\Ejercicio_15.csproj", "{A234F3AE-B77D-4B04-8214-BC345157C0EC}"
EndProject
Global
	GlobalSection(SolutionConfigurationPlatforms) = preSolution
		Debug|Any CPU = Debug|Any CPU
		Release|Any CPU = Release|Any CPU
	EndGlobalSection
	GlobalSection(ProjectConfigurationPlatforms) = postSolution
		{A234F3AE-B77D-4B04-8214-BC345157C0EC}.Debug|Any CPU.ActiveCfg = Debug|Any CPU
		{A234F3AE-B77D-4B04-8214-BC345157C0EC}.Debug|Any CPU.Build.0 = Debug|Any CPU
		{A234F3AE-B77D-4B04-8214-BC345157C0EC}.Release|Any CPU.ActiveCfg = Release|Any CPU
		{A234F3AE-B77D-4B04-8214-BC345157C0EC}.Release|Any CPU.Build.0 = Release|Any CPU
	EndGlobalSection
	GlobalSection(SolutionProperties) = preSolution
		HideSolutionNode = FALSE
	EndGlobalSection
	GlobalSection(ExtensibilityGlobals) = postSolution
		SolutionGuid = {1532C0B1-8E3E-49B4-ADAA-C175E82C8B6C}
	EndGlobalSection
EndGlobal
