
Microsoft Visual Studio Solution File, Format Version 12.00
# Visual Studio Version 16
VisualStudioVersion = 16.0.31112.23
MinimumVisualStudioVersion = 10.0.40219.1
Project("{FAE04EC0-301F-11D3-BF4B-00C04F79EFBC}") = "Ejercicio_44", "Ejercicio_44\Ejercicio_44.csproj", "{236E04A4-1437-4785-8A13-1CB76096E3F8}"
EndProject
Project("{FAE04EC0-301F-11D3-BF4B-00C04F79EFBC}") = "Ejercicio_40", "..\Ejercicio_41\Ejercicio_41\Ejercicio_40.csproj", "{72825448-70C2-49E8-90C9-9F720170D5F5}"
EndProject
Global
	GlobalSection(SolutionConfigurationPlatforms) = preSolution
		Debug|Any CPU = Debug|Any CPU
		Release|Any CPU = Release|Any CPU
	EndGlobalSection
	GlobalSection(ProjectConfigurationPlatforms) = postSolution
		{236E04A4-1437-4785-8A13-1CB76096E3F8}.Debug|Any CPU.ActiveCfg = Debug|Any CPU
		{236E04A4-1437-4785-8A13-1CB76096E3F8}.Debug|Any CPU.Build.0 = Debug|Any CPU
		{236E04A4-1437-4785-8A13-1CB76096E3F8}.Release|Any CPU.ActiveCfg = Release|Any CPU
		{236E04A4-1437-4785-8A13-1CB76096E3F8}.Release|Any CPU.Build.0 = Release|Any CPU
		{72825448-70C2-49E8-90C9-9F720170D5F5}.Debug|Any CPU.ActiveCfg = Debug|Any CPU
		{72825448-70C2-49E8-90C9-9F720170D5F5}.Debug|Any CPU.Build.0 = Debug|Any CPU
		{72825448-70C2-49E8-90C9-9F720170D5F5}.Release|Any CPU.ActiveCfg = Release|Any CPU
		{72825448-70C2-49E8-90C9-9F720170D5F5}.Release|Any CPU.Build.0 = Release|Any CPU
	EndGlobalSection
	GlobalSection(SolutionProperties) = preSolution
		HideSolutionNode = FALSE
	EndGlobalSection
	GlobalSection(ExtensibilityGlobals) = postSolution
		SolutionGuid = {0FEDE89F-992B-4970-9EE8-6848A324EBA4}
	EndGlobalSection
EndGlobal
