
Microsoft Visual Studio Solution File, Format Version 12.00
# Visual Studio Version 16
VisualStudioVersion = 16.0.31112.23
MinimumVisualStudioVersion = 10.0.40219.1
Project("{FAE04EC0-301F-11D3-BF4B-00C04F79EFBC}") = "Ejercicio_16", "Ejercicio_16\Ejercicio_16.csproj", "{2535679C-CD0F-4419-85C4-076F6FEFF81A}"
EndProject
Global
	GlobalSection(SolutionConfigurationPlatforms) = preSolution
		Debug|Any CPU = Debug|Any CPU
		Release|Any CPU = Release|Any CPU
	EndGlobalSection
	GlobalSection(ProjectConfigurationPlatforms) = postSolution
		{2535679C-CD0F-4419-85C4-076F6FEFF81A}.Debug|Any CPU.ActiveCfg = Debug|Any CPU
		{2535679C-CD0F-4419-85C4-076F6FEFF81A}.Debug|Any CPU.Build.0 = Debug|Any CPU
		{2535679C-CD0F-4419-85C4-076F6FEFF81A}.Release|Any CPU.ActiveCfg = Release|Any CPU
		{2535679C-CD0F-4419-85C4-076F6FEFF81A}.Release|Any CPU.Build.0 = Release|Any CPU
	EndGlobalSection
	GlobalSection(SolutionProperties) = preSolution
		HideSolutionNode = FALSE
	EndGlobalSection
	GlobalSection(ExtensibilityGlobals) = postSolution
		SolutionGuid = {62D11DFB-50D2-4BBD-956E-B9F788E46EBB}
	EndGlobalSection
EndGlobal
