
Microsoft Visual Studio Solution File, Format Version 12.00
# Visual Studio Version 16
VisualStudioVersion = 16.0.31112.23
MinimumVisualStudioVersion = 10.0.40219.1
Project("{FAE04EC0-301F-11D3-BF4B-00C04F79EFBC}") = "Ejercicio_22", "Ejercicio_22\Ejercicio_22.csproj", "{8E290C04-CC56-4D07-B51A-558111D9C5BB}"
EndProject
Project("{FAE04EC0-301F-11D3-BF4B-00C04F79EFBC}") = "Convercion", "Convercion\Convercion.csproj", "{9618BE67-FCDE-45A6-A829-688EBCCC9987}"
EndProject
Global
	GlobalSection(SolutionConfigurationPlatforms) = preSolution
		Debug|Any CPU = Debug|Any CPU
		Release|Any CPU = Release|Any CPU
	EndGlobalSection
	GlobalSection(ProjectConfigurationPlatforms) = postSolution
		{8E290C04-CC56-4D07-B51A-558111D9C5BB}.Debug|Any CPU.ActiveCfg = Debug|Any CPU
		{8E290C04-CC56-4D07-B51A-558111D9C5BB}.Debug|Any CPU.Build.0 = Debug|Any CPU
		{8E290C04-CC56-4D07-B51A-558111D9C5BB}.Release|Any CPU.ActiveCfg = Release|Any CPU
		{8E290C04-CC56-4D07-B51A-558111D9C5BB}.Release|Any CPU.Build.0 = Release|Any CPU
		{9618BE67-FCDE-45A6-A829-688EBCCC9987}.Debug|Any CPU.ActiveCfg = Debug|Any CPU
		{9618BE67-FCDE-45A6-A829-688EBCCC9987}.Debug|Any CPU.Build.0 = Debug|Any CPU
		{9618BE67-FCDE-45A6-A829-688EBCCC9987}.Release|Any CPU.ActiveCfg = Release|Any CPU
		{9618BE67-FCDE-45A6-A829-688EBCCC9987}.Release|Any CPU.Build.0 = Release|Any CPU
	EndGlobalSection
	GlobalSection(SolutionProperties) = preSolution
		HideSolutionNode = FALSE
	EndGlobalSection
	GlobalSection(ExtensibilityGlobals) = postSolution
		SolutionGuid = {F76BB208-C7B7-4801-A624-834C7B52AA75}
	EndGlobalSection
EndGlobal
