
Microsoft Visual Studio Solution File, Format Version 12.00
# Visual Studio Version 16
VisualStudioVersion = 16.0.31112.23
MinimumVisualStudioVersion = 10.0.40219.1
Project("{FAE04EC0-301F-11D3-BF4B-00C04F79EFBC}") = "Ejercicio_21", "Ejercicio_21\Ejercicio_21.csproj", "{2731F322-0037-48C5-A70B-9FA95D3D1E00}"
EndProject
Project("{FAE04EC0-301F-11D3-BF4B-00C04F79EFBC}") = "Temperaturas", "Temperaturas\Temperaturas.csproj", "{6DA286D9-ABF1-4D6F-B023-7FE582933751}"
EndProject
Global
	GlobalSection(SolutionConfigurationPlatforms) = preSolution
		Debug|Any CPU = Debug|Any CPU
		Release|Any CPU = Release|Any CPU
	EndGlobalSection
	GlobalSection(ProjectConfigurationPlatforms) = postSolution
		{2731F322-0037-48C5-A70B-9FA95D3D1E00}.Debug|Any CPU.ActiveCfg = Debug|Any CPU
		{2731F322-0037-48C5-A70B-9FA95D3D1E00}.Debug|Any CPU.Build.0 = Debug|Any CPU
		{2731F322-0037-48C5-A70B-9FA95D3D1E00}.Release|Any CPU.ActiveCfg = Release|Any CPU
		{2731F322-0037-48C5-A70B-9FA95D3D1E00}.Release|Any CPU.Build.0 = Release|Any CPU
		{6DA286D9-ABF1-4D6F-B023-7FE582933751}.Debug|Any CPU.ActiveCfg = Debug|Any CPU
		{6DA286D9-ABF1-4D6F-B023-7FE582933751}.Debug|Any CPU.Build.0 = Debug|Any CPU
		{6DA286D9-ABF1-4D6F-B023-7FE582933751}.Release|Any CPU.ActiveCfg = Release|Any CPU
		{6DA286D9-ABF1-4D6F-B023-7FE582933751}.Release|Any CPU.Build.0 = Release|Any CPU
	EndGlobalSection
	GlobalSection(SolutionProperties) = preSolution
		HideSolutionNode = FALSE
	EndGlobalSection
	GlobalSection(ExtensibilityGlobals) = postSolution
		SolutionGuid = {95A96454-BDB2-4C47-B77A-1530952FAAF3}
	EndGlobalSection
EndGlobal
