
Microsoft Visual Studio Solution File, Format Version 12.00
# Visual Studio Version 16
VisualStudioVersion = 16.0.31402.337
MinimumVisualStudioVersion = 10.0.40219.1
Project("{FAE04EC0-301F-11D3-BF4B-00C04F79EFBC}") = "Formularios", "Formularios\Formularios.csproj", "{0E27D54E-62BE-4D6E-A993-56665541DCA2}"
EndProject
Project("{FAE04EC0-301F-11D3-BF4B-00C04F79EFBC}") = "Entidades", "Entidades\Entidades.csproj", "{9B79ADF5-9A1A-4BCE-A894-EB179B0289AF}"
EndProject
Project("{FAE04EC0-301F-11D3-BF4B-00C04F79EFBC}") = "EntidadesTests", "EntidadesTests\EntidadesTests.csproj", "{53C47A77-4F9D-4F96-A571-9152F8B5CB92}"
EndProject
Global
	GlobalSection(SolutionConfigurationPlatforms) = preSolution
		Debug|Any CPU = Debug|Any CPU
		Release|Any CPU = Release|Any CPU
	EndGlobalSection
	GlobalSection(ProjectConfigurationPlatforms) = postSolution
		{0E27D54E-62BE-4D6E-A993-56665541DCA2}.Debug|Any CPU.ActiveCfg = Debug|Any CPU
		{0E27D54E-62BE-4D6E-A993-56665541DCA2}.Debug|Any CPU.Build.0 = Debug|Any CPU
		{0E27D54E-62BE-4D6E-A993-56665541DCA2}.Release|Any CPU.ActiveCfg = Release|Any CPU
		{0E27D54E-62BE-4D6E-A993-56665541DCA2}.Release|Any CPU.Build.0 = Release|Any CPU
		{9B79ADF5-9A1A-4BCE-A894-EB179B0289AF}.Debug|Any CPU.ActiveCfg = Debug|Any CPU
		{9B79ADF5-9A1A-4BCE-A894-EB179B0289AF}.Debug|Any CPU.Build.0 = Debug|Any CPU
		{9B79ADF5-9A1A-4BCE-A894-EB179B0289AF}.Release|Any CPU.ActiveCfg = Release|Any CPU
		{9B79ADF5-9A1A-4BCE-A894-EB179B0289AF}.Release|Any CPU.Build.0 = Release|Any CPU
		{53C47A77-4F9D-4F96-A571-9152F8B5CB92}.Debug|Any CPU.ActiveCfg = Debug|Any CPU
		{53C47A77-4F9D-4F96-A571-9152F8B5CB92}.Debug|Any CPU.Build.0 = Debug|Any CPU
		{53C47A77-4F9D-4F96-A571-9152F8B5CB92}.Release|Any CPU.ActiveCfg = Release|Any CPU
		{53C47A77-4F9D-4F96-A571-9152F8B5CB92}.Release|Any CPU.Build.0 = Release|Any CPU
	EndGlobalSection
	GlobalSection(SolutionProperties) = preSolution
		HideSolutionNode = FALSE
	EndGlobalSection
	GlobalSection(ExtensibilityGlobals) = postSolution
		SolutionGuid = {CEBE94EA-BFDA-4EBD-80E0-45536ADD9A4E}
	EndGlobalSection
EndGlobal
