
Microsoft Visual Studio Solution File, Format Version 12.00
# Visual Studio Version 16
VisualStudioVersion = 16.0.31112.23
MinimumVisualStudioVersion = 10.0.40219.1
Project("{FAE04EC0-301F-11D3-BF4B-00C04F79EFBC}") = "Ejercicio_20", "Ejercicio_20\Ejercicio_20.csproj", "{70A62DB8-B749-48CF-9710-EBEC6E8588DD}"
EndProject
Project("{FAE04EC0-301F-11D3-BF4B-00C04F79EFBC}") = "Monedas", "Monedas\Monedas.csproj", "{C2334101-7746-4B88-8A25-DC7479F84C29}"
EndProject
Global
	GlobalSection(SolutionConfigurationPlatforms) = preSolution
		Debug|Any CPU = Debug|Any CPU
		Release|Any CPU = Release|Any CPU
	EndGlobalSection
	GlobalSection(ProjectConfigurationPlatforms) = postSolution
		{70A62DB8-B749-48CF-9710-EBEC6E8588DD}.Debug|Any CPU.ActiveCfg = Debug|Any CPU
		{70A62DB8-B749-48CF-9710-EBEC6E8588DD}.Debug|Any CPU.Build.0 = Debug|Any CPU
		{70A62DB8-B749-48CF-9710-EBEC6E8588DD}.Release|Any CPU.ActiveCfg = Release|Any CPU
		{70A62DB8-B749-48CF-9710-EBEC6E8588DD}.Release|Any CPU.Build.0 = Release|Any CPU
		{C2334101-7746-4B88-8A25-DC7479F84C29}.Debug|Any CPU.ActiveCfg = Debug|Any CPU
		{C2334101-7746-4B88-8A25-DC7479F84C29}.Debug|Any CPU.Build.0 = Debug|Any CPU
		{C2334101-7746-4B88-8A25-DC7479F84C29}.Release|Any CPU.ActiveCfg = Release|Any CPU
		{C2334101-7746-4B88-8A25-DC7479F84C29}.Release|Any CPU.Build.0 = Release|Any CPU
	EndGlobalSection
	GlobalSection(SolutionProperties) = preSolution
		HideSolutionNode = FALSE
	EndGlobalSection
	GlobalSection(ExtensibilityGlobals) = postSolution
		SolutionGuid = {002AF15A-BCE0-4EFF-9838-3A9EDFD4F3AD}
	EndGlobalSection
EndGlobal
