
Microsoft Visual Studio Solution File, Format Version 12.00
# Visual Studio Version 16
VisualStudioVersion = 16.0.31112.23
MinimumVisualStudioVersion = 10.0.40219.1
Project("{FAE04EC0-301F-11D3-BF4B-00C04F79EFBC}") = "Ejercicio_42", "Ejercicio_42\Ejercicio_42.csproj", "{3DA7554C-FD94-49A3-91CB-180574C6EDB9}"
EndProject
Global
	GlobalSection(SolutionConfigurationPlatforms) = preSolution
		Debug|Any CPU = Debug|Any CPU
		Release|Any CPU = Release|Any CPU
	EndGlobalSection
	GlobalSection(ProjectConfigurationPlatforms) = postSolution
		{3DA7554C-FD94-49A3-91CB-180574C6EDB9}.Debug|Any CPU.ActiveCfg = Debug|Any CPU
		{3DA7554C-FD94-49A3-91CB-180574C6EDB9}.Debug|Any CPU.Build.0 = Debug|Any CPU
		{3DA7554C-FD94-49A3-91CB-180574C6EDB9}.Release|Any CPU.ActiveCfg = Release|Any CPU
		{3DA7554C-FD94-49A3-91CB-180574C6EDB9}.Release|Any CPU.Build.0 = Release|Any CPU
	EndGlobalSection
	GlobalSection(SolutionProperties) = preSolution
		HideSolutionNode = FALSE
	EndGlobalSection
	GlobalSection(ExtensibilityGlobals) = postSolution
		SolutionGuid = {D3767A9E-519B-4FFE-B71D-C67B2DCBC962}
	EndGlobalSection
EndGlobal
