
Microsoft Visual Studio Solution File, Format Version 12.00
# Visual Studio Version 16
VisualStudioVersion = 16.0.31112.23
MinimumVisualStudioVersion = 10.0.40219.1
Project("{FAE04EC0-301F-11D3-BF4B-00C04F79EFBC}") = "Ejercicio_13", "Ejercicio_13\Ejercicio_13.csproj", "{437C98C4-5461-4F11-86AA-3A1B25975EC0}"
EndProject
Global
	GlobalSection(SolutionConfigurationPlatforms) = preSolution
		Debug|Any CPU = Debug|Any CPU
		Release|Any CPU = Release|Any CPU
	EndGlobalSection
	GlobalSection(ProjectConfigurationPlatforms) = postSolution
		{437C98C4-5461-4F11-86AA-3A1B25975EC0}.Debug|Any CPU.ActiveCfg = Debug|Any CPU
		{437C98C4-5461-4F11-86AA-3A1B25975EC0}.Debug|Any CPU.Build.0 = Debug|Any CPU
		{437C98C4-5461-4F11-86AA-3A1B25975EC0}.Release|Any CPU.ActiveCfg = Release|Any CPU
		{437C98C4-5461-4F11-86AA-3A1B25975EC0}.Release|Any CPU.Build.0 = Release|Any CPU
	EndGlobalSection
	GlobalSection(SolutionProperties) = preSolution
		HideSolutionNode = FALSE
	EndGlobalSection
	GlobalSection(ExtensibilityGlobals) = postSolution
		SolutionGuid = {EA88FB8A-4A97-4DFA-9F96-0038CA1852AA}
	EndGlobalSection
EndGlobal
