
Microsoft Visual Studio Solution File, Format Version 12.00
# Visual Studio Version 16
VisualStudioVersion = 16.0.31112.23
MinimumVisualStudioVersion = 10.0.40219.1
Project("{FAE04EC0-301F-11D3-BF4B-00C04F79EFBC}") = "Clase3", "Clase3\Clase3.csproj", "{D79BC686-3956-4741-AC94-AEDB83F07B7A}"
EndProject
Global
	GlobalSection(SolutionConfigurationPlatforms) = preSolution
		Debug|Any CPU = Debug|Any CPU
		Release|Any CPU = Release|Any CPU
	EndGlobalSection
	GlobalSection(ProjectConfigurationPlatforms) = postSolution
		{D79BC686-3956-4741-AC94-AEDB83F07B7A}.Debug|Any CPU.ActiveCfg = Debug|Any CPU
		{D79BC686-3956-4741-AC94-AEDB83F07B7A}.Debug|Any CPU.Build.0 = Debug|Any CPU
		{D79BC686-3956-4741-AC94-AEDB83F07B7A}.Release|Any CPU.ActiveCfg = Release|Any CPU
		{D79BC686-3956-4741-AC94-AEDB83F07B7A}.Release|Any CPU.Build.0 = Release|Any CPU
	EndGlobalSection
	GlobalSection(SolutionProperties) = preSolution
		HideSolutionNode = FALSE
	EndGlobalSection
	GlobalSection(ExtensibilityGlobals) = postSolution
		SolutionGuid = {A9736EEC-88AD-400C-A3C2-006C6E5043D5}
	EndGlobalSection
EndGlobal
