
Microsoft Visual Studio Solution File, Format Version 12.00
# Visual Studio Version 16
VisualStudioVersion = 16.0.31112.23
MinimumVisualStudioVersion = 10.0.40219.1
Project("{FAE04EC0-301F-11D3-BF4B-00C04F79EFBC}") = "Ejercicio_19", "Ejercicio_19\Ejercicio_19.csproj", "{BE3A47D7-3E11-4103-AA16-09202471BD2C}"
EndProject
Global
	GlobalSection(SolutionConfigurationPlatforms) = preSolution
		Debug|Any CPU = Debug|Any CPU
		Release|Any CPU = Release|Any CPU
	EndGlobalSection
	GlobalSection(ProjectConfigurationPlatforms) = postSolution
		{BE3A47D7-3E11-4103-AA16-09202471BD2C}.Debug|Any CPU.ActiveCfg = Debug|Any CPU
		{BE3A47D7-3E11-4103-AA16-09202471BD2C}.Debug|Any CPU.Build.0 = Debug|Any CPU
		{BE3A47D7-3E11-4103-AA16-09202471BD2C}.Release|Any CPU.ActiveCfg = Release|Any CPU
		{BE3A47D7-3E11-4103-AA16-09202471BD2C}.Release|Any CPU.Build.0 = Release|Any CPU
	EndGlobalSection
	GlobalSection(SolutionProperties) = preSolution
		HideSolutionNode = FALSE
	EndGlobalSection
	GlobalSection(ExtensibilityGlobals) = postSolution
		SolutionGuid = {4B820DCA-4D45-44F4-88B0-566F67E5CF30}
	EndGlobalSection
EndGlobal
