
Microsoft Visual Studio Solution File, Format Version 12.00
# Visual Studio Version 16
VisualStudioVersion = 16.0.31112.23
MinimumVisualStudioVersion = 10.0.40219.1
Project("{FAE04EC0-301F-11D3-BF4B-00C04F79EFBC}") = "Clase_5", "Clase_5\Clase_5.csproj", "{49DE6E31-F117-4D6D-80E4-63DE76DE9034}"
EndProject
Global
	GlobalSection(SolutionConfigurationPlatforms) = preSolution
		Debug|Any CPU = Debug|Any CPU
		Release|Any CPU = Release|Any CPU
	EndGlobalSection
	GlobalSection(ProjectConfigurationPlatforms) = postSolution
		{49DE6E31-F117-4D6D-80E4-63DE76DE9034}.Debug|Any CPU.ActiveCfg = Debug|Any CPU
		{49DE6E31-F117-4D6D-80E4-63DE76DE9034}.Debug|Any CPU.Build.0 = Debug|Any CPU
		{49DE6E31-F117-4D6D-80E4-63DE76DE9034}.Release|Any CPU.ActiveCfg = Release|Any CPU
		{49DE6E31-F117-4D6D-80E4-63DE76DE9034}.Release|Any CPU.Build.0 = Release|Any CPU
	EndGlobalSection
	GlobalSection(SolutionProperties) = preSolution
		HideSolutionNode = FALSE
	EndGlobalSection
	GlobalSection(ExtensibilityGlobals) = postSolution
		SolutionGuid = {5EDA4C20-5FF5-4229-A870-AEA3BC14DFC5}
	EndGlobalSection
EndGlobal
