
Microsoft Visual Studio Solution File, Format Version 12.00
# Visual Studio Version 16
VisualStudioVersion = 16.0.31105.61
MinimumVisualStudioVersion = 10.0.40219.1
Project("{FAE04EC0-301F-11D3-BF4B-00C04F79EFBC}") = "Ejercicio3", "Ejercicio3\Ejercicio3.csproj", "{10252A35-A61D-4D6F-8818-E86997A8A773}"
EndProject
Global
	GlobalSection(SolutionConfigurationPlatforms) = preSolution
		Debug|Any CPU = Debug|Any CPU
		Release|Any CPU = Release|Any CPU
	EndGlobalSection
	GlobalSection(ProjectConfigurationPlatforms) = postSolution
		{10252A35-A61D-4D6F-8818-E86997A8A773}.Debug|Any CPU.ActiveCfg = Debug|Any CPU
		{10252A35-A61D-4D6F-8818-E86997A8A773}.Debug|Any CPU.Build.0 = Debug|Any CPU
		{10252A35-A61D-4D6F-8818-E86997A8A773}.Release|Any CPU.ActiveCfg = Release|Any CPU
		{10252A35-A61D-4D6F-8818-E86997A8A773}.Release|Any CPU.Build.0 = Release|Any CPU
	EndGlobalSection
	GlobalSection(SolutionProperties) = preSolution
		HideSolutionNode = FALSE
	EndGlobalSection
	GlobalSection(ExtensibilityGlobals) = postSolution
		SolutionGuid = {378AB324-F8E5-4DBC-94E4-05D0629EBC84}
	EndGlobalSection
EndGlobal
