
Microsoft Visual Studio Solution File, Format Version 12.00
# Visual Studio Version 16
VisualStudioVersion = 16.0.31112.23
MinimumVisualStudioVersion = 10.0.40219.1
Project("{FAE04EC0-301F-11D3-BF4B-00C04F79EFBC}") = "Ejercicio_12", "Ejercicio_12\Ejercicio_12.csproj", "{14293FC8-AF85-41A6-BC21-FB1A7037B7EF}"
EndProject
Global
	GlobalSection(SolutionConfigurationPlatforms) = preSolution
		Debug|Any CPU = Debug|Any CPU
		Release|Any CPU = Release|Any CPU
	EndGlobalSection
	GlobalSection(ProjectConfigurationPlatforms) = postSolution
		{14293FC8-AF85-41A6-BC21-FB1A7037B7EF}.Debug|Any CPU.ActiveCfg = Debug|Any CPU
		{14293FC8-AF85-41A6-BC21-FB1A7037B7EF}.Debug|Any CPU.Build.0 = Debug|Any CPU
		{14293FC8-AF85-41A6-BC21-FB1A7037B7EF}.Release|Any CPU.ActiveCfg = Release|Any CPU
		{14293FC8-AF85-41A6-BC21-FB1A7037B7EF}.Release|Any CPU.Build.0 = Release|Any CPU
	EndGlobalSection
	GlobalSection(SolutionProperties) = preSolution
		HideSolutionNode = FALSE
	EndGlobalSection
	GlobalSection(ExtensibilityGlobals) = postSolution
		SolutionGuid = {4C89C04B-8FF3-44F7-8F4C-963CB45E5799}
	EndGlobalSection
EndGlobal
